{
    "name": "cpptools-extension-pack",
    "version": "1.4.0",
    "lockfileVersion": 3,
    "requires": true,
    "packages": {
        "": {
            "name": "cpptools-extension-pack",
            "version": "1.4.0",
            "license": "SEE LICENSE IN LICENSE.txt",
            "engines": {
                "vscode": "^1.48.0"
            }
        }
    }
}
